
Microsoft Visual Studio Solution File, Format Version 12.00
# Visual Studio Version 17
VisualStudioVersion = 17.8.34408.163
MinimumVisualStudioVersion = 10.0.40219.1
Project("{9A19103F-16F7-4668-BE54-9A1E7A4F7556}") = "Delegates", "Delegates\Delegates.csproj", "{1149F873-9470-4F9C-9FB4-3E2812F576DF}"
EndProject
Project("{9A19103F-16F7-4668-BE54-9A1E7A4F7556}") = "Events", "Events\Events.csproj", "{ED815C5C-C1FB-4DF6-8346-640E961D4FD6}"
EndProject
Project("{9A19103F-16F7-4668-BE54-9A1E7A4F7556}") = "EventsHandler", "EventsHandler\EventsHandler.csproj", "{640E2180-116D-41DE-9FD9-94A28C7B671E}"
EndProject
Project("{9A19103F-16F7-4668-BE54-9A1E7A4F7556}") = "Constructor", "Constructor\Constructor.csproj", "{ED2DD1C4-AAAC-4EBC-A096-E52F0FB35417}"
EndProject
Project("{9A19103F-16F7-4668-BE54-9A1E7A4F7556}") = "UpCastingDownCasting", "UpCastingDownCasting\UpCastingDownCasting.csproj", "{7C7FBB85-B8D1-42A1-B7CC-655438B8651A}"
EndProject
Project("{9A19103F-16F7-4668-BE54-9A1E7A4F7556}") = "MethodOverriding", "MethodOverriding\MethodOverriding.csproj", "{6FF2CB43-1C7B-4C50-BF88-94AF3FCE57BF}"
EndProject
Project("{9A19103F-16F7-4668-BE54-9A1E7A4F7556}") = "AbstractClass", "AbstractClass\AbstractClass.csproj", "{6B945223-81AC-4E93-B555-204342AFBCE0}"
EndProject
Project("{9A19103F-16F7-4668-BE54-9A1E7A4F7556}") = "Interface", "Interface\Interface.csproj", "{9EDD4D80-189E-47EF-BBF9-7B5BC76519B0}"
EndProject
Project("{9A19103F-16F7-4668-BE54-9A1E7A4F7556}") = "InterfaceExample", "InterfaceExample\InterfaceExample.csproj", "{0C78A12C-2623-459A-B481-85F9E2BB3015}"
EndProject
Project("{9A19103F-16F7-4668-BE54-9A1E7A4F7556}") = "ShapeMakerApps", "ShapeMakerApps\ShapeMakerApps.csproj", "{46601E3B-CB5B-4D93-AE9D-89BF442777A4}"
EndProject
Project("{9A19103F-16F7-4668-BE54-9A1E7A4F7556}") = "EventsExample", "EventsExample\EventsExample.csproj", "{F11E6672-96AC-41EB-9F9E-E53E69051013}"
EndProject
Project("{9A19103F-16F7-4668-BE54-9A1E7A4F7556}") = "GenericsExample", "GenericsExample\GenericsExample.csproj", "{2F988C49-F073-4DC5-ABF0-22A28888E0AD}"
EndProject
Project("{9A19103F-16F7-4668-BE54-9A1E7A4F7556}") = "Generics", "Generics\Generics.csproj", "{76978F13-0579-4085-A7E0-2CC778933115}"
EndProject
Project("{9A19103F-16F7-4668-BE54-9A1E7A4F7556}") = "LinqExample", "LinqExample\LinqExample.csproj", "{0E6BFECF-B9AD-420A-A4F6-058D4F6040C1}"
EndProject
Project("{9A19103F-16F7-4668-BE54-9A1E7A4F7556}") = "DelegatesExample", "DelegatesExample\DelegatesExample.csproj", "{7C2AC109-CBE2-4510-9E96-332A0B815859}"
EndProject
Project("{9A19103F-16F7-4668-BE54-9A1E7A4F7556}") = "Task", "Task\Task.csproj", "{78490037-805F-44FD-AC3B-4C4BD9F84F95}"
EndProject
Project("{9A19103F-16F7-4668-BE54-9A1E7A4F7556}") = "GenericClassExample", "GenericClassExample\GenericClassExample.csproj", "{7C4A4112-8211-4905-A1E0-BA908AEFDEB2}"
EndProject
Project("{9A19103F-16F7-4668-BE54-9A1E7A4F7556}") = "Reflection", "Reflection\Reflection.csproj", "{837E2DAD-1A35-482B-8E81-89C4196BEA28}"
EndProject
Project("{9A19103F-16F7-4668-BE54-9A1E7A4F7556}") = "ReflectionExample", "ReflectionExample\ReflectionExample.csproj", "{5516F3F8-380F-4C64-BEA6-64DA30EC5B5A}"
EndProject
Project("{9A19103F-16F7-4668-BE54-9A1E7A4F7556}") = "DemoLib", "DemoLib\DemoLib.csproj", "{6AEEA70A-D885-4CE3-B4C1-645D334FA8ED}"
EndProject
Project("{9A19103F-16F7-4668-BE54-9A1E7A4F7556}") = "ObjectToJson", "ObjectToJson\ObjectToJson.csproj", "{921DB35E-AA4A-43FB-92F8-21EF607F3070}"
EndProject
Project("{9A19103F-16F7-4668-BE54-9A1E7A4F7556}") = "StringBuilderExample", "StringBuilderExample\StringBuilderExample.csproj", "{42CB207F-9601-4B32-A73A-B21A71C72FC2}"
EndProject
Project("{9A19103F-16F7-4668-BE54-9A1E7A4F7556}") = "ReflectionMoreExplore", "ReflectionMoreExplore\ReflectionMoreExplore.csproj", "{B259C99E-65C2-4B7C-8871-954E62A793CA}"
EndProject
Project("{9A19103F-16F7-4668-BE54-9A1E7A4F7556}") = "JsonFormatterRefelction", "JsonFormatterRefelction\JsonFormatterRefelction.csproj", "{4C2D00F7-3345-4B29-A4EA-6DCD5C412E62}"
EndProject
Project("{FAE04EC0-301F-11D3-BF4B-00C04F79EFBC}") = "DesignPattern", "DesignPattern\DesignPattern.csproj", "{19DA7E8D-22EE-4BD4-8BE9-441174ACD253}"
EndProject
Global
	GlobalSection(SolutionConfigurationPlatforms) = preSolution
		Debug|Any CPU = Debug|Any CPU
		Release|Any CPU = Release|Any CPU
	EndGlobalSection
	GlobalSection(ProjectConfigurationPlatforms) = postSolution
		{1149F873-9470-4F9C-9FB4-3E2812F576DF}.Debug|Any CPU.ActiveCfg = Debug|Any CPU
		{1149F873-9470-4F9C-9FB4-3E2812F576DF}.Debug|Any CPU.Build.0 = Debug|Any CPU
		{1149F873-9470-4F9C-9FB4-3E2812F576DF}.Release|Any CPU.ActiveCfg = Release|Any CPU
		{1149F873-9470-4F9C-9FB4-3E2812F576DF}.Release|Any CPU.Build.0 = Release|Any CPU
		{ED815C5C-C1FB-4DF6-8346-640E961D4FD6}.Debug|Any CPU.ActiveCfg = Debug|Any CPU
		{ED815C5C-C1FB-4DF6-8346-640E961D4FD6}.Debug|Any CPU.Build.0 = Debug|Any CPU
		{ED815C5C-C1FB-4DF6-8346-640E961D4FD6}.Release|Any CPU.ActiveCfg = Release|Any CPU
		{ED815C5C-C1FB-4DF6-8346-640E961D4FD6}.Release|Any CPU.Build.0 = Release|Any CPU
		{640E2180-116D-41DE-9FD9-94A28C7B671E}.Debug|Any CPU.ActiveCfg = Debug|Any CPU
		{640E2180-116D-41DE-9FD9-94A28C7B671E}.Debug|Any CPU.Build.0 = Debug|Any CPU
		{640E2180-116D-41DE-9FD9-94A28C7B671E}.Release|Any CPU.ActiveCfg = Release|Any CPU
		{640E2180-116D-41DE-9FD9-94A28C7B671E}.Release|Any CPU.Build.0 = Release|Any CPU
		{ED2DD1C4-AAAC-4EBC-A096-E52F0FB35417}.Debug|Any CPU.ActiveCfg = Debug|Any CPU
		{ED2DD1C4-AAAC-4EBC-A096-E52F0FB35417}.Debug|Any CPU.Build.0 = Debug|Any CPU
		{ED2DD1C4-AAAC-4EBC-A096-E52F0FB35417}.Release|Any CPU.ActiveCfg = Release|Any CPU
		{ED2DD1C4-AAAC-4EBC-A096-E52F0FB35417}.Release|Any CPU.Build.0 = Release|Any CPU
		{7C7FBB85-B8D1-42A1-B7CC-655438B8651A}.Debug|Any CPU.ActiveCfg = Debug|Any CPU
		{7C7FBB85-B8D1-42A1-B7CC-655438B8651A}.Debug|Any CPU.Build.0 = Debug|Any CPU
		{7C7FBB85-B8D1-42A1-B7CC-655438B8651A}.Release|Any CPU.ActiveCfg = Release|Any CPU
		{7C7FBB85-B8D1-42A1-B7CC-655438B8651A}.Release|Any CPU.Build.0 = Release|Any CPU
		{6FF2CB43-1C7B-4C50-BF88-94AF3FCE57BF}.Debug|Any CPU.ActiveCfg = Debug|Any CPU
		{6FF2CB43-1C7B-4C50-BF88-94AF3FCE57BF}.Debug|Any CPU.Build.0 = Debug|Any CPU
		{6FF2CB43-1C7B-4C50-BF88-94AF3FCE57BF}.Release|Any CPU.ActiveCfg = Release|Any CPU
		{6FF2CB43-1C7B-4C50-BF88-94AF3FCE57BF}.Release|Any CPU.Build.0 = Release|Any CPU
		{6B945223-81AC-4E93-B555-204342AFBCE0}.Debug|Any CPU.ActiveCfg = Debug|Any CPU
		{6B945223-81AC-4E93-B555-204342AFBCE0}.Debug|Any CPU.Build.0 = Debug|Any CPU
		{6B945223-81AC-4E93-B555-204342AFBCE0}.Release|Any CPU.ActiveCfg = Release|Any CPU
		{6B945223-81AC-4E93-B555-204342AFBCE0}.Release|Any CPU.Build.0 = Release|Any CPU
		{9EDD4D80-189E-47EF-BBF9-7B5BC76519B0}.Debug|Any CPU.ActiveCfg = Debug|Any CPU
		{9EDD4D80-189E-47EF-BBF9-7B5BC76519B0}.Debug|Any CPU.Build.0 = Debug|Any CPU
		{9EDD4D80-189E-47EF-BBF9-7B5BC76519B0}.Release|Any CPU.ActiveCfg = Release|Any CPU
		{9EDD4D80-189E-47EF-BBF9-7B5BC76519B0}.Release|Any CPU.Build.0 = Release|Any CPU
		{0C78A12C-2623-459A-B481-85F9E2BB3015}.Debug|Any CPU.ActiveCfg = Debug|Any CPU
		{0C78A12C-2623-459A-B481-85F9E2BB3015}.Debug|Any CPU.Build.0 = Debug|Any CPU
		{0C78A12C-2623-459A-B481-85F9E2BB3015}.Release|Any CPU.ActiveCfg = Release|Any CPU
		{0C78A12C-2623-459A-B481-85F9E2BB3015}.Release|Any CPU.Build.0 = Release|Any CPU
		{46601E3B-CB5B-4D93-AE9D-89BF442777A4}.Debug|Any CPU.ActiveCfg = Debug|Any CPU
		{46601E3B-CB5B-4D93-AE9D-89BF442777A4}.Debug|Any CPU.Build.0 = Debug|Any CPU
		{46601E3B-CB5B-4D93-AE9D-89BF442777A4}.Release|Any CPU.ActiveCfg = Release|Any CPU
		{46601E3B-CB5B-4D93-AE9D-89BF442777A4}.Release|Any CPU.Build.0 = Release|Any CPU
		{F11E6672-96AC-41EB-9F9E-E53E69051013}.Debug|Any CPU.ActiveCfg = Debug|Any CPU
		{F11E6672-96AC-41EB-9F9E-E53E69051013}.Debug|Any CPU.Build.0 = Debug|Any CPU
		{F11E6672-96AC-41EB-9F9E-E53E69051013}.Release|Any CPU.ActiveCfg = Release|Any CPU
		{F11E6672-96AC-41EB-9F9E-E53E69051013}.Release|Any CPU.Build.0 = Release|Any CPU
		{2F988C49-F073-4DC5-ABF0-22A28888E0AD}.Debug|Any CPU.ActiveCfg = Debug|Any CPU
		{2F988C49-F073-4DC5-ABF0-22A28888E0AD}.Debug|Any CPU.Build.0 = Debug|Any CPU
		{2F988C49-F073-4DC5-ABF0-22A28888E0AD}.Release|Any CPU.ActiveCfg = Release|Any CPU
		{2F988C49-F073-4DC5-ABF0-22A28888E0AD}.Release|Any CPU.Build.0 = Release|Any CPU
		{76978F13-0579-4085-A7E0-2CC778933115}.Debug|Any CPU.ActiveCfg = Debug|Any CPU
		{76978F13-0579-4085-A7E0-2CC778933115}.Debug|Any CPU.Build.0 = Debug|Any CPU
		{76978F13-0579-4085-A7E0-2CC778933115}.Release|Any CPU.ActiveCfg = Release|Any CPU
		{76978F13-0579-4085-A7E0-2CC778933115}.Release|Any CPU.Build.0 = Release|Any CPU
		{0E6BFECF-B9AD-420A-A4F6-058D4F6040C1}.Debug|Any CPU.ActiveCfg = Debug|Any CPU
		{0E6BFECF-B9AD-420A-A4F6-058D4F6040C1}.Debug|Any CPU.Build.0 = Debug|Any CPU
		{0E6BFECF-B9AD-420A-A4F6-058D4F6040C1}.Release|Any CPU.ActiveCfg = Release|Any CPU
		{0E6BFECF-B9AD-420A-A4F6-058D4F6040C1}.Release|Any CPU.Build.0 = Release|Any CPU
		{7C2AC109-CBE2-4510-9E96-332A0B815859}.Debug|Any CPU.ActiveCfg = Debug|Any CPU
		{7C2AC109-CBE2-4510-9E96-332A0B815859}.Debug|Any CPU.Build.0 = Debug|Any CPU
		{7C2AC109-CBE2-4510-9E96-332A0B815859}.Release|Any CPU.ActiveCfg = Release|Any CPU
		{7C2AC109-CBE2-4510-9E96-332A0B815859}.Release|Any CPU.Build.0 = Release|Any CPU
		{78490037-805F-44FD-AC3B-4C4BD9F84F95}.Debug|Any CPU.ActiveCfg = Debug|Any CPU
		{78490037-805F-44FD-AC3B-4C4BD9F84F95}.Debug|Any CPU.Build.0 = Debug|Any CPU
		{78490037-805F-44FD-AC3B-4C4BD9F84F95}.Release|Any CPU.ActiveCfg = Release|Any CPU
		{78490037-805F-44FD-AC3B-4C4BD9F84F95}.Release|Any CPU.Build.0 = Release|Any CPU
		{7C4A4112-8211-4905-A1E0-BA908AEFDEB2}.Debug|Any CPU.ActiveCfg = Debug|Any CPU
		{7C4A4112-8211-4905-A1E0-BA908AEFDEB2}.Debug|Any CPU.Build.0 = Debug|Any CPU
		{7C4A4112-8211-4905-A1E0-BA908AEFDEB2}.Release|Any CPU.ActiveCfg = Release|Any CPU
		{7C4A4112-8211-4905-A1E0-BA908AEFDEB2}.Release|Any CPU.Build.0 = Release|Any CPU
		{837E2DAD-1A35-482B-8E81-89C4196BEA28}.Debug|Any CPU.ActiveCfg = Debug|Any CPU
		{837E2DAD-1A35-482B-8E81-89C4196BEA28}.Debug|Any CPU.Build.0 = Debug|Any CPU
		{837E2DAD-1A35-482B-8E81-89C4196BEA28}.Release|Any CPU.ActiveCfg = Release|Any CPU
		{837E2DAD-1A35-482B-8E81-89C4196BEA28}.Release|Any CPU.Build.0 = Release|Any CPU
		{5516F3F8-380F-4C64-BEA6-64DA30EC5B5A}.Debug|Any CPU.ActiveCfg = Debug|Any CPU
		{5516F3F8-380F-4C64-BEA6-64DA30EC5B5A}.Debug|Any CPU.Build.0 = Debug|Any CPU
		{5516F3F8-380F-4C64-BEA6-64DA30EC5B5A}.Release|Any CPU.ActiveCfg = Release|Any CPU
		{5516F3F8-380F-4C64-BEA6-64DA30EC5B5A}.Release|Any CPU.Build.0 = Release|Any CPU
		{6AEEA70A-D885-4CE3-B4C1-645D334FA8ED}.Debug|Any CPU.ActiveCfg = Debug|Any CPU
		{6AEEA70A-D885-4CE3-B4C1-645D334FA8ED}.Debug|Any CPU.Build.0 = Debug|Any CPU
		{6AEEA70A-D885-4CE3-B4C1-645D334FA8ED}.Release|Any CPU.ActiveCfg = Release|Any CPU
		{6AEEA70A-D885-4CE3-B4C1-645D334FA8ED}.Release|Any CPU.Build.0 = Release|Any CPU
		{921DB35E-AA4A-43FB-92F8-21EF607F3070}.Debug|Any CPU.ActiveCfg = Debug|Any CPU
		{921DB35E-AA4A-43FB-92F8-21EF607F3070}.Debug|Any CPU.Build.0 = Debug|Any CPU
		{921DB35E-AA4A-43FB-92F8-21EF607F3070}.Release|Any CPU.ActiveCfg = Release|Any CPU
		{921DB35E-AA4A-43FB-92F8-21EF607F3070}.Release|Any CPU.Build.0 = Release|Any CPU
		{42CB207F-9601-4B32-A73A-B21A71C72FC2}.Debug|Any CPU.ActiveCfg = Debug|Any CPU
		{42CB207F-9601-4B32-A73A-B21A71C72FC2}.Debug|Any CPU.Build.0 = Debug|Any CPU
		{42CB207F-9601-4B32-A73A-B21A71C72FC2}.Release|Any CPU.ActiveCfg = Release|Any CPU
		{42CB207F-9601-4B32-A73A-B21A71C72FC2}.Release|Any CPU.Build.0 = Release|Any CPU
		{B259C99E-65C2-4B7C-8871-954E62A793CA}.Debug|Any CPU.ActiveCfg = Debug|Any CPU
		{B259C99E-65C2-4B7C-8871-954E62A793CA}.Debug|Any CPU.Build.0 = Debug|Any CPU
		{B259C99E-65C2-4B7C-8871-954E62A793CA}.Release|Any CPU.ActiveCfg = Release|Any CPU
		{B259C99E-65C2-4B7C-8871-954E62A793CA}.Release|Any CPU.Build.0 = Release|Any CPU
		{4C2D00F7-3345-4B29-A4EA-6DCD5C412E62}.Debug|Any CPU.ActiveCfg = Debug|Any CPU
		{4C2D00F7-3345-4B29-A4EA-6DCD5C412E62}.Debug|Any CPU.Build.0 = Debug|Any CPU
		{4C2D00F7-3345-4B29-A4EA-6DCD5C412E62}.Release|Any CPU.ActiveCfg = Release|Any CPU
		{4C2D00F7-3345-4B29-A4EA-6DCD5C412E62}.Release|Any CPU.Build.0 = Release|Any CPU
		{19DA7E8D-22EE-4BD4-8BE9-441174ACD253}.Debug|Any CPU.ActiveCfg = Debug|Any CPU
		{19DA7E8D-22EE-4BD4-8BE9-441174ACD253}.Debug|Any CPU.Build.0 = Debug|Any CPU
		{19DA7E8D-22EE-4BD4-8BE9-441174ACD253}.Release|Any CPU.ActiveCfg = Release|Any CPU
		{19DA7E8D-22EE-4BD4-8BE9-441174ACD253}.Release|Any CPU.Build.0 = Release|Any CPU
	EndGlobalSection
	GlobalSection(SolutionProperties) = preSolution
		HideSolutionNode = FALSE
	EndGlobalSection
	GlobalSection(ExtensibilityGlobals) = postSolution
		SolutionGuid = {55B5A09D-0D94-4700-9A63-E21D3B203833}
	EndGlobalSection
EndGlobal
